// !$*UTF8*$!
{
	archiveVersion = 1;
	classes = {
	};
	objectVersion = 56;
	objects = {

/* Begin PBXBuildFile section */
		2F899A5B2B671EC400F12D58 /* RecipeApp2App.swift in Sources */ = {isa = PBXBuildFile; fileRef = 2F899A5A2B671EC400F12D58 /* RecipeApp2App.swift */; };
		2F899A5D2B671EC400F12D58 /* ContentView.swift in Sources */ = {isa = PBXBuildFile; fileRef = 2F899A5C2B671EC400F12D58 /* ContentView.swift */; };
		2F899A5F2B671EC500F12D58 /* Assets.xcassets in Resources */ = {isa = PBXBuildFile; fileRef = 2F899A5E2B671EC500F12D58 /* Assets.xcassets */; };
		2F899A622B671EC500F12D58 /* Preview Assets.xcassets in Resources */ = {isa = PBXBuildFile; fileRef = 2F899A612B671EC500F12D58 /* Preview Assets.xcassets */; };
		2F899A6E2B6721BA00F12D58 /* recipes.json in Resources */ = {isa = PBXBuildFile; fileRef = 2F899A6D2B6721BA00F12D58 /* recipes.json */; };
		2F899A702B67223A00F12D58 /* Recipe.swift in Sources */ = {isa = PBXBuildFile; fileRef = 2F899A6F2B67223A00F12D58 /* Recipe.swift */; };
		2F899A722B6723C800F12D58 /* RecipeModel.swift in Sources */ = {isa = PBXBuildFile; fileRef = 2F899A712B6723C800F12D58 /* RecipeModel.swift */; };
		2F899A742B6727E300F12D58 /* DataService.swift in Sources */ = {isa = PBXBuildFile; fileRef = 2F899A732B6727E300F12D58 /* DataService.swift */; };
		2F899A762B67370500F12D58 /* RecipeDetailView.swift in Sources */ = {isa = PBXBuildFile; fileRef = 2F899A752B67370500F12D58 /* RecipeDetailView.swift */; };
		2F8D170B2B67C09200C42A6E /* RecipeTabView.swift in Sources */ = {isa = PBXBuildFile; fileRef = 2F8D170A2B67C09200C42A6E /* RecipeTabView.swift */; };
		2F8D170D2B67C33900C42A6E /* RecipeFeaturedView.swift in Sources */ = {isa = PBXBuildFile; fileRef = 2F8D170C2B67C33900C42A6E /* RecipeFeaturedView.swift */; };
/* End PBXBuildFile section */

/* Begin PBXFileReference section */
		2F899A572B671EC400F12D58 /* RecipeApp2.app */ = {isa = PBXFileReference; explicitFileType = wrapper.application; includeInIndex = 0; path = RecipeApp2.app; sourceTree = BUILT_PRODUCTS_DIR; };
		2F899A5A2B671EC400F12D58 /* RecipeApp2App.swift */ = {isa = PBXFileReference; lastKnownFileType = sourcecode.swift; path = RecipeApp2App.swift; sourceTree = "<group>"; };
		2F899A5C2B671EC400F12D58 /* ContentView.swift */ = {isa = PBXFileReference; lastKnownFileType = sourcecode.swift; path = ContentView.swift; sourceTree = "<group>"; };
		2F899A5E2B671EC500F12D58 /* Assets.xcassets */ = {isa = PBXFileReference; lastKnownFileType = folder.assetcatalog; path = Assets.xcassets; sourceTree = "<group>"; };
		2F899A612B671EC500F12D58 /* Preview Assets.xcassets */ = {isa = PBXFileReference; lastKnownFileType = folder.assetcatalog; path = "Preview Assets.xcassets"; sourceTree = "<group>"; };
		2F899A6D2B6721BA00F12D58 /* recipes.json */ = {isa = PBXFileReference; fileEncoding = 4; lastKnownFileType = text.json; path = recipes.json; sourceTree = "<group>"; };
		2F899A6F2B67223A00F12D58 /* Recipe.swift */ = {isa = PBXFileReference; lastKnownFileType = sourcecode.swift; path = Recipe.swift; sourceTree = "<group>"; };
		2F899A712B6723C800F12D58 /* RecipeModel.swift */ = {isa = PBXFileReference; lastKnownFileType = sourcecode.swift; path = RecipeModel.swift; sourceTree = "<group>"; };
		2F899A732B6727E300F12D58 /* DataService.swift */ = {isa = PBXFileReference; lastKnownFileType = sourcecode.swift; path = DataService.swift; sourceTree = "<group>"; };
		2F899A752B67370500F12D58 /* RecipeDetailView.swift */ = {isa = PBXFileReference; lastKnownFileType = sourcecode.swift; path = RecipeDetailView.swift; sourceTree = "<group>"; };
		2F8D170A2B67C09200C42A6E /* RecipeTabView.swift */ = {isa = PBXFileReference; lastKnownFileType = sourcecode.swift; path = RecipeTabView.swift; sourceTree = "<group>"; };
		2F8D170C2B67C33900C42A6E /* RecipeFeaturedView.swift */ = {isa = PBXFileReference; lastKnownFileType = sourcecode.swift; path = RecipeFeaturedView.swift; sourceTree = "<group>"; };
/* End PBXFileReference section */

/* Begin PBXFrameworksBuildPhase section */
		2F899A542B671EC400F12D58 /* Frameworks */ = {
			isa = PBXFrameworksBuildPhase;
			buildActionMask = 2147483647;
			files = (
			);
			runOnlyForDeploymentPostprocessing = 0;
		};
/* End PBXFrameworksBuildPhase section */

/* Begin PBXGroup section */
		2F899A4E2B671EC400F12D58 = {
			isa = PBXGroup;
			children = (
				2F899A592B671EC400F12D58 /* RecipeApp2 */,
				2F899A582B671EC400F12D58 /* Products */,
			);
			sourceTree = "<group>";
		};
		2F899A582B671EC400F12D58 /* Products */ = {
			isa = PBXGroup;
			children = (
				2F899A572B671EC400F12D58 /* RecipeApp2.app */,
			);
			name = Products;
			sourceTree = "<group>";
		};
		2F899A592B671EC400F12D58 /* RecipeApp2 */ = {
			isa = PBXGroup;
			children = (
				2F899A5A2B671EC400F12D58 /* RecipeApp2App.swift */,
				2F899A682B671EFB00F12D58 /* Views */,
				2F899A692B671F0100F12D58 /* ViewModels */,
				2F899A6A2B671F0800F12D58 /* Models */,
				2F899A6C2B671F1100F12D58 /* Services */,
				2F899A6B2B671F0C00F12D58 /* Data */,
				2F899A5E2B671EC500F12D58 /* Assets.xcassets */,
				2F899A602B671EC500F12D58 /* Preview Content */,
			);
			path = RecipeApp2;
			sourceTree = "<group>";
		};
		2F899A602B671EC500F12D58 /* Preview Content */ = {
			isa = PBXGroup;
			children = (
				2F899A612B671EC500F12D58 /* Preview Assets.xcassets */,
			);
			path = "Preview Content";
			sourceTree = "<group>";
		};
		2F899A682B671EFB00F12D58 /* Views */ = {
			isa = PBXGroup;
			children = (
				2F899A5C2B671EC400F12D58 /* ContentView.swift */,
				2F899A752B67370500F12D58 /* RecipeDetailView.swift */,
				2F8D170A2B67C09200C42A6E /* RecipeTabView.swift */,
				2F8D170C2B67C33900C42A6E /* RecipeFeaturedView.swift */,
			);
			path = Views;
			sourceTree = "<group>";
		};
		2F899A692B671F0100F12D58 /* ViewModels */ = {
			isa = PBXGroup;
			children = (
				2F899A712B6723C800F12D58 /* RecipeModel.swift */,
			);
			path = ViewModels;
			sourceTree = "<group>";
		};
		2F899A6A2B671F0800F12D58 /* Models */ = {
			isa = PBXGroup;
			children = (
				2F899A6F2B67223A00F12D58 /* Recipe.swift */,
			);
			path = Models;
			sourceTree = "<group>";
		};
		2F899A6B2B671F0C00F12D58 /* Data */ = {
			isa = PBXGroup;
			children = (
				2F899A6D2B6721BA00F12D58 /* recipes.json */,
			);
			path = Data;
			sourceTree = "<group>";
		};
		2F899A6C2B671F1100F12D58 /* Services */ = {
			isa = PBXGroup;
			children = (
				2F899A732B6727E300F12D58 /* DataService.swift */,
			);
			path = Services;
			sourceTree = "<group>";
		};
/* End PBXGroup section */

/* Begin PBXNativeTarget section */
		2F899A562B671EC400F12D58 /* RecipeApp2 */ = {
			isa = PBXNativeTarget;
			buildConfigurationList = 2F899A652B671EC500F12D58 /* Build configuration list for PBXNativeTarget "RecipeApp2" */;
			buildPhases = (
				2F899A532B671EC400F12D58 /* Sources */,
				2F899A542B671EC400F12D58 /* Frameworks */,
				2F899A552B671EC400F12D58 /* Resources */,
			);
			buildRules = (
			);
			dependencies = (
			);
			name = RecipeApp2;
			productName = RecipeApp2;
			productReference = 2F899A572B671EC400F12D58 /* RecipeApp2.app */;
			productType = "com.apple.product-type.application";
		};
/* End PBXNativeTarget section */

/* Begin PBXProject section */
		2F899A4F2B671EC400F12D58 /* Project object */ = {
			isa = PBXProject;
			attributes = {
				BuildIndependentTargetsInParallel = 1;
				LastSwiftUpdateCheck = 1520;
				LastUpgradeCheck = 1520;
				TargetAttributes = {
					2F899A562B671EC400F12D58 = {
						CreatedOnToolsVersion = 15.2;
					};
				};
			};
			buildConfigurationList = 2F899A522B671EC400F12D58 /* Build configuration list for PBXProject "RecipeApp2" */;
			compatibilityVersion = "Xcode 14.0";
			developmentRegion = en;
			hasScannedForEncodings = 0;
			knownRegions = (
				en,
				Base,
			);
			mainGroup = 2F899A4E2B671EC400F12D58;
			productRefGroup = 2F899A582B671EC400F12D58 /* Products */;
			projectDirPath = "";
			projectRoot = "";
			targets = (
				2F899A562B671EC400F12D58 /* RecipeApp2 */,
			);
		};
/* End PBXProject section */

/* Begin PBXResourcesBuildPhase section */
		2F899A552B671EC400F12D58 /* Resources */ = {
			isa = PBXResourcesBuildPhase;
			buildActionMask = 2147483647;
			files = (
				2F899A622B671EC500F12D58 /* Preview Assets.xcassets in Resources */,
				2F899A6E2B6721BA00F12D58 /* recipes.json in Resources */,
				2F899A5F2B671EC500F12D58 /* Assets.xcassets in Resources */,
			);
			runOnlyForDeploymentPostprocessing = 0;
		};
/* End PBXResourcesBuildPhase section */

/* Begin PBXSourcesBuildPhase section */
		2F899A532B671EC400F12D58 /* Sources */ = {
			isa = PBXSourcesBuildPhase;
			buildActionMask = 2147483647;
			files = (
				2F899A702B67223A00F12D58 /* Recipe.swift in Sources */,
				2F899A762B67370500F12D58 /* RecipeDetailView.swift in Sources */,
				2F899A722B6723C800F12D58 /* RecipeModel.swift in Sources */,
				2F899A5D2B671EC400F12D58 /* ContentView.swift in Sources */,
				2F899A5B2B671EC400F12D58 /* RecipeApp2App.swift in Sources */,
				2F899A742B6727E300F12D58 /* DataService.swift in Sources */,
				2F8D170D2B67C33900C42A6E /* RecipeFeaturedView.swift in Sources */,
				2F8D170B2B67C09200C42A6E /* RecipeTabView.swift in Sources */,
			);
			runOnlyForDeploymentPostprocessing = 0;
		};
/* End PBXSourcesBuildPhase section */

/* Begin XCBuildConfiguration section */
		2F899A632B671EC500F12D58 /* Debug */ = {
			isa = XCBuildConfiguration;
			buildSettings = {
				ALWAYS_SEARCH_USER_PATHS = NO;
				ASSETCATALOG_COMPILER_GENERATE_SWIFT_ASSET_SYMBOL_EXTENSIONS = YES;
				CLANG_ANALYZER_NONNULL = YES;
				CLANG_ANALYZER_NUMBER_OBJECT_CONVERSION = YES_AGGRESSIVE;
				CLANG_CXX_LANGUAGE_STANDARD = "gnu++20";
				CLANG_ENABLE_MODULES = YES;
				CLANG_ENABLE_OBJC_ARC = YES;
				CLANG_ENABLE_OBJC_WEAK = YES;
				CLANG_WARN_BLOCK_CAPTURE_AUTORELEASING = YES;
				CLANG_WARN_BOOL_CONVERSION = YES;
				CLANG_WARN_COMMA = YES;
				CLANG_WARN_CONSTANT_CONVERSION = YES;
				CLANG_WARN_DEPRECATED_OBJC_IMPLEMENTATIONS = YES;
				CLANG_WARN_DIRECT_OBJC_ISA_USAGE = YES_ERROR;
				CLANG_WARN_DOCUMENTATION_COMMENTS = YES;
				CLANG_WARN_EMPTY_BODY = YES;
				CLANG_WARN_ENUM_CONVERSION = YES;
				CLANG_WARN_INFINITE_RECURSION = YES;
				CLANG_WARN_INT_CONVERSION = YES;
				CLANG_WARN_NON_LITERAL_NULL_CONVERSION = YES;
				CLANG_WARN_OBJC_IMPLICIT_RETAIN_SELF = YES;
				CLANG_WARN_OBJC_LITERAL_CONVERSION = YES;
				CLANG_WARN_OBJC_ROOT_CLASS = YES_ERROR;
				CLANG_WARN_QUOTED_INCLUDE_IN_FRAMEWORK_HEADER = YES;
				CLANG_WARN_RANGE_LOOP_ANALYSIS = YES;
				CLANG_WARN_STRICT_PROTOTYPES = YES;
				CLANG_WARN_SUSPICIOUS_MOVE = YES;
				CLANG_WARN_UNGUARDED_AVAILABILITY = YES_AGGRESSIVE;
				CLANG_WARN_UNREACHABLE_CODE = YES;
				CLANG_WARN__DUPLICATE_METHOD_MATCH = YES;
				COPY_PHASE_STRIP = NO;
				DEBUG_INFORMATION_FORMAT = dwarf;
				ENABLE_STRICT_OBJC_MSGSEND = YES;
				ENABLE_TESTABILITY = YES;
				ENABLE_USER_SCRIPT_SANDBOXING = YES;
				GCC_C_LANGUAGE_STANDARD = gnu17;
				GCC_DYNAMIC_NO_PIC = NO;
				GCC_NO_COMMON_BLOCKS = YES;
				GCC_OPTIMIZATION_LEVEL = 0;
				GCC_PREPROCESSOR_DEFINITIONS = (
					"DEBUG=1",
					"$(inherited)",
				);
				GCC_WARN_64_TO_32_BIT_CONVERSION = YES;
				GCC_WARN_ABOUT_RETURN_TYPE = YES_ERROR;
				GCC_WARN_UNDECLARED_SELECTOR = YES;
				GCC_WARN_UNINITIALIZED_AUTOS = YES_AGGRESSIVE;
				GCC_WARN_UNUSED_FUNCTION = YES;
				GCC_WARN_UNUSED_VARIABLE = YES;
				IPHONEOS_DEPLOYMENT_TARGET = 17.2;
				LOCALIZATION_PREFERS_STRING_CATALOGS = YES;
				MTL_ENABLE_DEBUG_INFO = INCLUDE_SOURCE;
				MTL_FAST_MATH = YES;
				ONLY_ACTIVE_ARCH = YES;
				SDKROOT = iphoneos;
				SWIFT_ACTIVE_COMPILATION_CONDITIONS = "DEBUG $(inherited)";
				SWIFT_OPTIMIZATION_LEVEL = "-Onone";
			};
			name = Debug;
		};
		2F899A642B671EC500F12D58 /* Release */ = {
			isa = XCBuildConfiguration;
			buildSettings = {
				ALWAYS_SEARCH_USER_PATHS = NO;
				ASSETCATALOG_COMPILER_GENERATE_SWIFT_ASSET_SYMBOL_EXTENSIONS = YES;
				CLANG_ANALYZER_NONNULL = YES;
				CLANG_ANALYZER_NUMBER_OBJECT_CONVERSION = YES_AGGRESSIVE;
				CLANG_CXX_LANGUAGE_STANDARD = "gnu++20";
				CLANG_ENABLE_MODULES = YES;
				CLANG_ENABLE_OBJC_ARC = YES;
				CLANG_ENABLE_OBJC_WEAK = YES;
				CLANG_WARN_BLOCK_CAPTURE_AUTORELEASING = YES;
				CLANG_WARN_BOOL_CONVERSION = YES;
				CLANG_WARN_COMMA = YES;
				CLANG_WARN_CONSTANT_CONVERSION = YES;
				CLANG_WARN_DEPRECATED_OBJC_IMPLEMENTATIONS = YES;
				CLANG_WARN_DIRECT_OBJC_ISA_USAGE = YES_ERROR;
				CLANG_WARN_DOCUMENTATION_COMMENTS = YES;
				CLANG_WARN_EMPTY_BODY = YES;
				CLANG_WARN_ENUM_CONVERSION = YES;
				CLANG_WARN_INFINITE_RECURSION = YES;
				CLANG_WARN_INT_CONVERSION = YES;
				CLANG_WARN_NON_LITERAL_NULL_CONVERSION = YES;
				CLANG_WARN_OBJC_IMPLICIT_RETAIN_SELF = YES;
				CLANG_WARN_OBJC_LITERAL_CONVERSION = YES;
				CLANG_WARN_OBJC_ROOT_CLASS = YES_ERROR;
				CLANG_WARN_QUOTED_INCLUDE_IN_FRAMEWORK_HEADER = YES;
				CLANG_WARN_RANGE_LOOP_ANALYSIS = YES;
				CLANG_WARN_STRICT_PROTOTYPES = YES;
				CLANG_WARN_SUSPICIOUS_MOVE = YES;
				CLANG_WARN_UNGUARDED_AVAILABILITY = YES_AGGRESSIVE;
				CLANG_WARN_UNREACHABLE_CODE = YES;
				CLANG_WARN__DUPLICATE_METHOD_MATCH = YES;
				COPY_PHASE_STRIP = NO;
				DEBUG_INFORMATION_FORMAT = "dwarf-with-dsym";
				ENABLE_NS_ASSERTIONS = NO;
				ENABLE_STRICT_OBJC_MSGSEND = YES;
				ENABLE_USER_SCRIPT_SANDBOXING = YES;
				GCC_C_LANGUAGE_STANDARD = gnu17;
				GCC_NO_COMMON_BLOCKS = YES;
				GCC_WARN_64_TO_32_BIT_CONVERSION = YES;
				GCC_WARN_ABOUT_RETURN_TYPE = YES_ERROR;
				GCC_WARN_UNDECLARED_SELECTOR = YES;
				GCC_WARN_UNINITIALIZED_AUTOS = YES_AGGRESSIVE;
				GCC_WARN_UNUSED_FUNCTION = YES;
				GCC_WARN_UNUSED_VARIABLE = YES;
				IPHONEOS_DEPLOYMENT_TARGET = 17.2;
				LOCALIZATION_PREFERS_STRING_CATALOGS = YES;
				MTL_ENABLE_DEBUG_INFO = NO;
				MTL_FAST_MATH = YES;
				SDKROOT = iphoneos;
				SWIFT_COMPILATION_MODE = wholemodule;
				VALIDATE_PRODUCT = YES;
			};
			name = Release;
		};
		2F899A662B671EC500F12D58 /* Debug */ = {
			isa = XCBuildConfiguration;
			buildSettings = {
				ASSETCATALOG_COMPILER_APPICON_NAME = AppIcon;
				ASSETCATALOG_COMPILER_GLOBAL_ACCENT_COLOR_NAME = AccentColor;
				CODE_SIGN_STYLE = Automatic;
				CURRENT_PROJECT_VERSION = 1;
				DEVELOPMENT_ASSET_PATHS = "\"RecipeApp2/Preview Content\"";
				ENABLE_PREVIEWS = YES;
				GENERATE_INFOPLIST_FILE = YES;
				INFOPLIST_KEY_UIApplicationSceneManifest_Generation = YES;
				INFOPLIST_KEY_UIApplicationSupportsIndirectInputEvents = YES;
				INFOPLIST_KEY_UILaunchScreen_Generation = YES;
				INFOPLIST_KEY_UISupportedInterfaceOrientations_iPad = "UIInterfaceOrientationPortrait UIInterfaceOrientationPortraitUpsideDown UIInterfaceOrientationLandscapeLeft UIInterfaceOrientationLandscapeRight";
				INFOPLIST_KEY_UISupportedInterfaceOrientations_iPhone = "UIInterfaceOrientationPortrait UIInterfaceOrientationLandscapeLeft UIInterfaceOrientationLandscapeRight";
				LD_RUNPATH_SEARCH_PATHS = (
					"$(inherited)",
					"@executable_path/Frameworks",
				);
				MARKETING_VERSION = 1.0;
				PRODUCT_BUNDLE_IDENTIFIER = aiaiai.RecipeApp2;
				PRODUCT_NAME = "$(TARGET_NAME)";
				SWIFT_EMIT_LOC_STRINGS = YES;
				SWIFT_VERSION = 5.0;
				TARGETED_DEVICE_FAMILY = "1,2";
			};
			name = Debug;
		};
		2F899A672B671EC500F12D58 /* Release */ = {
			isa = XCBuildConfiguration;
			buildSettings = {
				ASSETCATALOG_COMPILER_APPICON_NAME = AppIcon;
				ASSETCATALOG_COMPILER_GLOBAL_ACCENT_COLOR_NAME = AccentColor;
				CODE_SIGN_STYLE = Automatic;
				CURRENT_PROJECT_VERSION = 1;
				DEVELOPMENT_ASSET_PATHS = "\"RecipeApp2/Preview Content\"";
				ENABLE_PREVIEWS = YES;
				GENERATE_INFOPLIST_FILE = YES;
				INFOPLIST_KEY_UIApplicationSceneManifest_Generation = YES;
				INFOPLIST_KEY_UIApplicationSupportsIndirectInputEvents = YES;
				INFOPLIST_KEY_UILaunchScreen_Generation = YES;
				INFOPLIST_KEY_UISupportedInterfaceOrientations_iPad = "UIInterfaceOrientationPortrait UIInterfaceOrientationPortraitUpsideDown UIInterfaceOrientationLandscapeLeft UIInterfaceOrientationLandscapeRight";
				INFOPLIST_KEY_UISupportedInterfaceOrientations_iPhone = "UIInterfaceOrientationPortrait UIInterfaceOrientationLandscapeLeft UIInterfaceOrientationLandscapeRight";
				LD_RUNPATH_SEARCH_PATHS = (
					"$(inherited)",
					"@executable_path/Frameworks",
				);
				MARKETING_VERSION = 1.0;
				PRODUCT_BUNDLE_IDENTIFIER = aiaiai.RecipeApp2;
				PRODUCT_NAME = "$(TARGET_NAME)";
				SWIFT_EMIT_LOC_STRINGS = YES;
				SWIFT_VERSION = 5.0;
				TARGETED_DEVICE_FAMILY = "1,2";
			};
			name = Release;
		};
/* End XCBuildConfiguration section */

/* Begin XCConfigurationList section */
		2F899A522B671EC400F12D58 /* Build configuration list for PBXProject "RecipeApp2" */ = {
			isa = XCConfigurationList;
			buildConfigurations = (
				2F899A632B671EC500F12D58 /* Debug */,
				2F899A642B671EC500F12D58 /* Release */,
			);
			defaultConfigurationIsVisible = 0;
			defaultConfigurationName = Release;
		};
		2F899A652B671EC500F12D58 /* Build configuration list for PBXNativeTarget "RecipeApp2" */ = {
			isa = XCConfigurationList;
			buildConfigurations = (
				2F899A662B671EC500F12D58 /* Debug */,
				2F899A672B671EC500F12D58 /* Release */,
			);
			defaultConfigurationIsVisible = 0;
			defaultConfigurationName = Release;
		};
/* End XCConfigurationList section */
	};
	rootObject = 2F899A4F2B671EC400F12D58 /* Project object */;
}
